// !$*UTF8*$!
{
	archiveVersion = 1;
	classes = {
	};
	objectVersion = 77;
	objects = {

/* Begin PBXBuildFile section */
		F835C0EE2D3C34140044609F /* Auth0 in Frameworks */ = {isa = PBXBuildFile; productRef = F835C0ED2D3C34140044609F /* Auth0 */; };
		F835C1232D3CA51F0044609F /* Functions in Frameworks */ = {isa = PBXBuildFile; productRef = F835C1222D3CA51F0044609F /* Functions */; };
		F835C1252D3CA51F0044609F /* PostgREST in Frameworks */ = {isa = PBXBuildFile; productRef = F835C1242D3CA51F0044609F /* PostgREST */; };
		F835C1272D3CA51F0044609F /* Realtime in Frameworks */ = {isa = PBXBuildFile; productRef = F835C1262D3CA51F0044609F /* Realtime */; };
		F835C1292D3CA51F0044609F /* Storage in Frameworks */ = {isa = PBXBuildFile; productRef = F835C1282D3CA51F0044609F /* Storage */; };
		F835C12B2D3CA51F0044609F /* Supabase in Frameworks */ = {isa = PBXBuildFile; productRef = F835C12A2D3CA51F0044609F /* Supabase */; };
		F835C12D2D3CA5260044609F /* Auth in Frameworks */ = {isa = PBXBuildFile; productRef = F835C12C2D3CA5260044609F /* Auth */; };
/* End PBXBuildFile section */

/* Begin PBXFileReference section */
		F85CAC912D3B6A70003E5FFB /* BusBuddy.app */ = {isa = PBXFileReference; explicitFileType = wrapper.application; includeInIndex = 0; path = BusBuddy.app; sourceTree = BUILT_PRODUCTS_DIR; };
/* End PBXFileReference section */

/* Begin PBXFileSystemSynchronizedBuildFileExceptionSet section */
		3652F3BD2D3D0A1400232C11 /* Exceptions for "BusBuddy" folder in "BusBuddy" target */ = {
			isa = PBXFileSystemSynchronizedBuildFileExceptionSet;
			membershipExceptions = (
				Info.plist,
			);
			target = F85CAC902D3B6A70003E5FFB /* BusBuddy */;
		};
/* End PBXFileSystemSynchronizedBuildFileExceptionSet section */

/* Begin PBXFileSystemSynchronizedRootGroup section */
		F85CAC932D3B6A70003E5FFB /* BusBuddy */ = {
			isa = PBXFileSystemSynchronizedRootGroup;
			exceptions = (
				3652F3BD2D3D0A1400232C11 /* Exceptions for "BusBuddy" folder in "BusBuddy" target */,
			);
			path = BusBuddy;
			sourceTree = "<group>";
		};
/* End PBXFileSystemSynchronizedRootGroup section */

/* Begin PBXFrameworksBuildPhase section */
		F85CAC8E2D3B6A70003E5FFB /* Frameworks */ = {
			isa = PBXFrameworksBuildPhase;
			buildActionMask = 2147483647;
			files = (
				F835C1252D3CA51F0044609F /* PostgREST in Frameworks */,
				F835C1232D3CA51F0044609F /* Functions in Frameworks */,
				F835C12B2D3CA51F0044609F /* Supabase in Frameworks */,
				F835C12D2D3CA5260044609F /* Auth in Frameworks */,
				F835C0EE2D3C34140044609F /* Auth0 in Frameworks */,
				F835C1292D3CA51F0044609F /* Storage in Frameworks */,
				F835C1272D3CA51F0044609F /* Realtime in Frameworks */,
			);
			runOnlyForDeploymentPostprocessing = 0;
		};
/* End PBXFrameworksBuildPhase section */

/* Begin PBXGroup section */
		F835C1212D3CA51F0044609F /* Frameworks */ = {
			isa = PBXGroup;
			children = (
			);
			name = Frameworks;
			sourceTree = "<group>";
		};
		F85CAC882D3B6A70003E5FFB = {
			isa = PBXGroup;
			children = (
				F85CAC932D3B6A70003E5FFB /* BusBuddy */,
				F835C1212D3CA51F0044609F /* Frameworks */,
				F85CAC922D3B6A70003E5FFB /* Products */,
			);
			sourceTree = "<group>";
		};
		F85CAC922D3B6A70003E5FFB /* Products */ = {
			isa = PBXGroup;
			children = (
				F85CAC912D3B6A70003E5FFB /* BusBuddy.app */,
			);
			name = Products;
			sourceTree = "<group>";
		};
/* End PBXGroup section */

/* Begin PBXNativeTarget section */
		F85CAC902D3B6A70003E5FFB /* BusBuddy */ = {
			isa = PBXNativeTarget;
			buildConfigurationList = F85CAC9F2D3B6A71003E5FFB /* Build configuration list for PBXNativeTarget "BusBuddy" */;
			buildPhases = (
				F85CAC8D2D3B6A70003E5FFB /* Sources */,
				F85CAC8E2D3B6A70003E5FFB /* Frameworks */,
				F85CAC8F2D3B6A70003E5FFB /* Resources */,
			);
			buildRules = (
			);
			dependencies = (
			);
			fileSystemSynchronizedGroups = (
				F85CAC932D3B6A70003E5FFB /* BusBuddy */,
			);
			name = BusBuddy;
			packageProductDependencies = (
				F835C0ED2D3C34140044609F /* Auth0 */,
				F835C1222D3CA51F0044609F /* Functions */,
				F835C1242D3CA51F0044609F /* PostgREST */,
				F835C1262D3CA51F0044609F /* Realtime */,
				F835C1282D3CA51F0044609F /* Storage */,
				F835C12A2D3CA51F0044609F /* Supabase */,
				F835C12C2D3CA5260044609F /* Auth */,
			);
			productName = BusBuddy;
			productReference = F85CAC912D3B6A70003E5FFB /* BusBuddy.app */;
			productType = "com.apple.product-type.application";
		};
/* End PBXNativeTarget section */

/* Begin PBXProject section */
		F85CAC892D3B6A70003E5FFB /* Project object */ = {
			isa = PBXProject;
			attributes = {
				BuildIndependentTargetsInParallel = 1;
				LastSwiftUpdateCheck = 1610;
				LastUpgradeCheck = 1610;
				TargetAttributes = {
					F85CAC902D3B6A70003E5FFB = {
						CreatedOnToolsVersion = 16.1;
					};
				};
			};
			buildConfigurationList = F85CAC8C2D3B6A70003E5FFB /* Build configuration list for PBXProject "BusBuddy" */;
			developmentRegion = en;
			hasScannedForEncodings = 0;
			knownRegions = (
				en,
				Base,
			);
			mainGroup = F85CAC882D3B6A70003E5FFB;
			minimizedProjectReferenceProxies = 1;
			packageReferences = (
				F835C0DE2D3C324B0044609F /* XCRemoteSwiftPackageReference "supabase-swift" */,
				F835C0EC2D3C34140044609F /* XCRemoteSwiftPackageReference "Auth0" */,
			);
			preferredProjectObjectVersion = 77;
			productRefGroup = F85CAC922D3B6A70003E5FFB /* Products */;
			projectDirPath = "";
			projectRoot = "";
			targets = (
				F85CAC902D3B6A70003E5FFB /* BusBuddy */,
			);
		};
/* End PBXProject section */

/* Begin PBXResourcesBuildPhase section */
		F85CAC8F2D3B6A70003E5FFB /* Resources */ = {
			isa = PBXResourcesBuildPhase;
			buildActionMask = 2147483647;
			files = (
			);
			runOnlyForDeploymentPostprocessing = 0;
		};
/* End PBXResourcesBuildPhase section */

/* Begin PBXSourcesBuildPhase section */
		F85CAC8D2D3B6A70003E5FFB /* Sources */ = {
			isa = PBXSourcesBuildPhase;
			buildActionMask = 2147483647;
			files = (
			);
			runOnlyForDeploymentPostprocessing = 0;
		};
/* End PBXSourcesBuildPhase section */

/* Begin XCBuildConfiguration section */
		F85CAC9D2D3B6A71003E5FFB /* Debug */ = {
			isa = XCBuildConfiguration;
			buildSettings = {
				ALWAYS_SEARCH_USER_PATHS = NO;
				ASSETCATALOG_COMPILER_GENERATE_SWIFT_ASSET_SYMBOL_EXTENSIONS = YES;
				CLANG_ANALYZER_NONNULL = YES;
				CLANG_ANALYZER_NUMBER_OBJECT_CONVERSION = YES_AGGRESSIVE;
				CLANG_CXX_LANGUAGE_STANDARD = "gnu++20";
				CLANG_ENABLE_MODULES = YES;
				CLANG_ENABLE_OBJC_ARC = YES;
				CLANG_ENABLE_OBJC_WEAK = YES;
				CLANG_WARN_BLOCK_CAPTURE_AUTORELEASING = YES;
				CLANG_WARN_BOOL_CONVERSION = YES;
				CLANG_WARN_COMMA = YES;
				CLANG_WARN_CONSTANT_CONVERSION = YES;
				CLANG_WARN_DEPRECATED_OBJC_IMPLEMENTATIONS = YES;
				CLANG_WARN_DIRECT_OBJC_ISA_USAGE = YES_ERROR;
				CLANG_WARN_DOCUMENTATION_COMMENTS = YES;
				CLANG_WARN_EMPTY_BODY = YES;
				CLANG_WARN_ENUM_CONVERSION = YES;
				CLANG_WARN_INFINITE_RECURSION = YES;
				CLANG_WARN_INT_CONVERSION = YES;
				CLANG_WARN_NON_LITERAL_NULL_CONVERSION = YES;
				CLANG_WARN_OBJC_IMPLICIT_RETAIN_SELF = YES;
				CLANG_WARN_OBJC_LITERAL_CONVERSION = YES;
				CLANG_WARN_OBJC_ROOT_CLASS = YES_ERROR;
				CLANG_WARN_QUOTED_INCLUDE_IN_FRAMEWORK_HEADER = YES;
				CLANG_WARN_RANGE_LOOP_ANALYSIS = YES;
				CLANG_WARN_STRICT_PROTOTYPES = YES;
				CLANG_WARN_SUSPICIOUS_MOVE = YES;
				CLANG_WARN_UNGUARDED_AVAILABILITY = YES_AGGRESSIVE;
				CLANG_WARN_UNREACHABLE_CODE = YES;
				CLANG_WARN__DUPLICATE_METHOD_MATCH = YES;
				COPY_PHASE_STRIP = NO;
				DEBUG_INFORMATION_FORMAT = dwarf;
				ENABLE_STRICT_OBJC_MSGSEND = YES;
				ENABLE_TESTABILITY = YES;
				ENABLE_USER_SCRIPT_SANDBOXING = YES;
				GCC_C_LANGUAGE_STANDARD = gnu17;
				GCC_DYNAMIC_NO_PIC = NO;
				GCC_NO_COMMON_BLOCKS = YES;
				GCC_OPTIMIZATION_LEVEL = 0;
				GCC_PREPROCESSOR_DEFINITIONS = (
					"DEBUG=1",
					"$(inherited)",
				);
				GCC_WARN_64_TO_32_BIT_CONVERSION = YES;
				GCC_WARN_ABOUT_RETURN_TYPE = YES_ERROR;
				GCC_WARN_UNDECLARED_SELECTOR = YES;
				GCC_WARN_UNINITIALIZED_AUTOS = YES_AGGRESSIVE;
				GCC_WARN_UNUSED_FUNCTION = YES;
				GCC_WARN_UNUSED_VARIABLE = YES;
				IPHONEOS_DEPLOYMENT_TARGET = 18.1;
				LOCALIZATION_PREFERS_STRING_CATALOGS = YES;
				MTL_ENABLE_DEBUG_INFO = INCLUDE_SOURCE;
				MTL_FAST_MATH = YES;
				ONLY_ACTIVE_ARCH = YES;
				SDKROOT = iphoneos;
				SWIFT_ACTIVE_COMPILATION_CONDITIONS = "DEBUG $(inherited)";
				SWIFT_OPTIMIZATION_LEVEL = "-Onone";
			};
			name = Debug;
		};
		F85CAC9E2D3B6A71003E5FFB /* Release */ = {
			isa = XCBuildConfiguration;
			buildSettings = {
				ALWAYS_SEARCH_USER_PATHS = NO;
				ASSETCATALOG_COMPILER_GENERATE_SWIFT_ASSET_SYMBOL_EXTENSIONS = YES;
				CLANG_ANALYZER_NONNULL = YES;
				CLANG_ANALYZER_NUMBER_OBJECT_CONVERSION = YES_AGGRESSIVE;
				CLANG_CXX_LANGUAGE_STANDARD = "gnu++20";
				CLANG_ENABLE_MODULES = YES;
				CLANG_ENABLE_OBJC_ARC = YES;
				CLANG_ENABLE_OBJC_WEAK = YES;
				CLANG_WARN_BLOCK_CAPTURE_AUTORELEASING = YES;
				CLANG_WARN_BOOL_CONVERSION = YES;
				CLANG_WARN_COMMA = YES;
				CLANG_WARN_CONSTANT_CONVERSION = YES;
				CLANG_WARN_DEPRECATED_OBJC_IMPLEMENTATIONS = YES;
				CLANG_WARN_DIRECT_OBJC_ISA_USAGE = YES_ERROR;
				CLANG_WARN_DOCUMENTATION_COMMENTS = YES;
				CLANG_WARN_EMPTY_BODY = YES;
				CLANG_WARN_ENUM_CONVERSION = YES;
				CLANG_WARN_INFINITE_RECURSION = YES;
				CLANG_WARN_INT_CONVERSION = YES;
				CLANG_WARN_NON_LITERAL_NULL_CONVERSION = YES;
				CLANG_WARN_OBJC_IMPLICIT_RETAIN_SELF = YES;
				CLANG_WARN_OBJC_LITERAL_CONVERSION = YES;
				CLANG_WARN_OBJC_ROOT_CLASS = YES_ERROR;
				CLANG_WARN_QUOTED_INCLUDE_IN_FRAMEWORK_HEADER = YES;
				CLANG_WARN_RANGE_LOOP_ANALYSIS = YES;
				CLANG_WARN_STRICT_PROTOTYPES = YES;
				CLANG_WARN_SUSPICIOUS_MOVE = YES;
				CLANG_WARN_UNGUARDED_AVAILABILITY = YES_AGGRESSIVE;
				CLANG_WARN_UNREACHABLE_CODE = YES;
				CLANG_WARN__DUPLICATE_METHOD_MATCH = YES;
				COPY_PHASE_STRIP = NO;
				DEBUG_INFORMATION_FORMAT = "dwarf-with-dsym";
				ENABLE_NS_ASSERTIONS = NO;
				ENABLE_STRICT_OBJC_MSGSEND = YES;
				ENABLE_USER_SCRIPT_SANDBOXING = YES;
				GCC_C_LANGUAGE_STANDARD = gnu17;
				GCC_NO_COMMON_BLOCKS = YES;
				GCC_WARN_64_TO_32_BIT_CONVERSION = YES;
				GCC_WARN_ABOUT_RETURN_TYPE = YES_ERROR;
				GCC_WARN_UNDECLARED_SELECTOR = YES;
				GCC_WARN_UNINITIALIZED_AUTOS = YES_AGGRESSIVE;
				GCC_WARN_UNUSED_FUNCTION = YES;
				GCC_WARN_UNUSED_VARIABLE = YES;
				IPHONEOS_DEPLOYMENT_TARGET = 18.1;
				LOCALIZATION_PREFERS_STRING_CATALOGS = YES;
				MTL_ENABLE_DEBUG_INFO = NO;
				MTL_FAST_MATH = YES;
				SDKROOT = iphoneos;
				SWIFT_COMPILATION_MODE = wholemodule;
				VALIDATE_PRODUCT = YES;
			};
			name = Release;
		};
		F85CACA02D3B6A71003E5FFB /* Debug */ = {
			isa = XCBuildConfiguration;
			buildSettings = {
				ASSETCATALOG_COMPILER_APPICON_NAME = AppIcon;
				ASSETCATALOG_COMPILER_GLOBAL_ACCENT_COLOR_NAME = AccentColor;
				CODE_SIGN_STYLE = Automatic;
				CURRENT_PROJECT_VERSION = 1;
				DEVELOPMENT_ASSET_PATHS = "\"BusBuddy/Preview Content\"";
				DEVELOPMENT_TEAM = M46W996KF7;
				ENABLE_PREVIEWS = YES;
				GENERATE_INFOPLIST_FILE = YES;
				INFOPLIST_FILE = BusBuddy/Info.plist;
				INFOPLIST_KEY_LSApplicationCategoryType = "";
				INFOPLIST_KEY_NSLocationAlwaysAndWhenInUseUsageDescription = "We need your location now.";
				INFOPLIST_KEY_NSLocationWhenInUseUsageDescription = "We need your location now!";
				INFOPLIST_KEY_UIApplicationSceneManifest_Generation = YES;
				INFOPLIST_KEY_UIApplicationSupportsIndirectInputEvents = YES;
				INFOPLIST_KEY_UILaunchScreen_Generation = YES;
				INFOPLIST_KEY_UISupportedInterfaceOrientations_iPad = "UIInterfaceOrientationPortrait UIInterfaceOrientationPortraitUpsideDown UIInterfaceOrientationLandscapeLeft UIInterfaceOrientationLandscapeRight";
				INFOPLIST_KEY_UISupportedInterfaceOrientations_iPhone = "UIInterfaceOrientationPortrait UIInterfaceOrientationLandscapeLeft UIInterfaceOrientationLandscapeRight";
				LD_RUNPATH_SEARCH_PATHS = (
					"$(inherited)",
					"@executable_path/Frameworks",
				);
				MARKETING_VERSION = 1.0;
				PRODUCT_BUNDLE_IDENTIFIER = com.mw.BusBuddy;
				PRODUCT_NAME = "$(TARGET_NAME)";
				SWIFT_EMIT_LOC_STRINGS = YES;
				SWIFT_VERSION = 5.0;
				TARGETED_DEVICE_FAMILY = "1,2";
			};
			name = Debug;
		};
		F85CACA12D3B6A71003E5FFB /* Release */ = {
			isa = XCBuildConfiguration;
			buildSettings = {
				ASSETCATALOG_COMPILER_APPICON_NAME = AppIcon;
				ASSETCATALOG_COMPILER_GLOBAL_ACCENT_COLOR_NAME = AccentColor;
				CODE_SIGN_STYLE = Automatic;
				CURRENT_PROJECT_VERSION = 1;
				DEVELOPMENT_ASSET_PATHS = "\"BusBuddy/Preview Content\"";
				DEVELOPMENT_TEAM = M46W996KF7;
				ENABLE_PREVIEWS = YES;
				GENERATE_INFOPLIST_FILE = YES;
				INFOPLIST_FILE = BusBuddy/Info.plist;
				INFOPLIST_KEY_LSApplicationCategoryType = "";
				INFOPLIST_KEY_NSLocationAlwaysAndWhenInUseUsageDescription = "We need your location now.";
				INFOPLIST_KEY_NSLocationWhenInUseUsageDescription = "We need your location now!";
				INFOPLIST_KEY_UIApplicationSceneManifest_Generation = YES;
				INFOPLIST_KEY_UIApplicationSupportsIndirectInputEvents = YES;
				INFOPLIST_KEY_UILaunchScreen_Generation = YES;
				INFOPLIST_KEY_UISupportedInterfaceOrientations_iPad = "UIInterfaceOrientationPortrait UIInterfaceOrientationPortraitUpsideDown UIInterfaceOrientationLandscapeLeft UIInterfaceOrientationLandscapeRight";
				INFOPLIST_KEY_UISupportedInterfaceOrientations_iPhone = "UIInterfaceOrientationPortrait UIInterfaceOrientationLandscapeLeft UIInterfaceOrientationLandscapeRight";
				LD_RUNPATH_SEARCH_PATHS = (
					"$(inherited)",
					"@executable_path/Frameworks",
				);
				MARKETING_VERSION = 1.0;
				PRODUCT_BUNDLE_IDENTIFIER = com.mw.BusBuddy;
				PRODUCT_NAME = "$(TARGET_NAME)";
				SWIFT_EMIT_LOC_STRINGS = YES;
				SWIFT_VERSION = 5.0;
				TARGETED_DEVICE_FAMILY = "1,2";
			};
			name = Release;
		};
/* End XCBuildConfiguration section */

/* Begin XCConfigurationList section */
		F85CAC8C2D3B6A70003E5FFB /* Build configuration list for PBXProject "BusBuddy" */ = {
			isa = XCConfigurationList;
			buildConfigurations = (
				F85CAC9D2D3B6A71003E5FFB /* Debug */,
				F85CAC9E2D3B6A71003E5FFB /* Release */,
			);
			defaultConfigurationIsVisible = 0;
			defaultConfigurationName = Release;
		};
		F85CAC9F2D3B6A71003E5FFB /* Build configuration list for PBXNativeTarget "BusBuddy" */ = {
			isa = XCConfigurationList;
			buildConfigurations = (
				F85CACA02D3B6A71003E5FFB /* Debug */,
				F85CACA12D3B6A71003E5FFB /* Release */,
			);
			defaultConfigurationIsVisible = 0;
			defaultConfigurationName = Release;
		};
/* End XCConfigurationList section */

/* Begin XCRemoteSwiftPackageReference section */
		F835C0DE2D3C324B0044609F /* XCRemoteSwiftPackageReference "supabase-swift" */ = {
			isa = XCRemoteSwiftPackageReference;
			repositoryURL = "https://github.com/supabase/supabase-swift.git";
			requirement = {
				kind = upToNextMajorVersion;
				minimumVersion = 2.5.1;
			};
		};
		F835C0EC2D3C34140044609F /* XCRemoteSwiftPackageReference "Auth0" */ = {
			isa = XCRemoteSwiftPackageReference;
			repositoryURL = "https://github.com/auth0/Auth0.swift";
			requirement = {
				kind = upToNextMajorVersion;
				minimumVersion = 2.10.0;
			};
		};
/* End XCRemoteSwiftPackageReference section */

/* Begin XCSwiftPackageProductDependency section */
		F835C0ED2D3C34140044609F /* Auth0 */ = {
			isa = XCSwiftPackageProductDependency;
			package = F835C0EC2D3C34140044609F /* XCRemoteSwiftPackageReference "Auth0" */;
			productName = Auth0;
		};
		F835C1222D3CA51F0044609F /* Functions */ = {
			isa = XCSwiftPackageProductDependency;
			package = F835C0DE2D3C324B0044609F /* XCRemoteSwiftPackageReference "supabase-swift" */;
			productName = Functions;
		};
		F835C1242D3CA51F0044609F /* PostgREST */ = {
			isa = XCSwiftPackageProductDependency;
			package = F835C0DE2D3C324B0044609F /* XCRemoteSwiftPackageReference "supabase-swift" */;
			productName = PostgREST;
		};
		F835C1262D3CA51F0044609F /* Realtime */ = {
			isa = XCSwiftPackageProductDependency;
			package = F835C0DE2D3C324B0044609F /* XCRemoteSwiftPackageReference "supabase-swift" */;
			productName = Realtime;
		};
		F835C1282D3CA51F0044609F /* Storage */ = {
			isa = XCSwiftPackageProductDependency;
			package = F835C0DE2D3C324B0044609F /* XCRemoteSwiftPackageReference "supabase-swift" */;
			productName = Storage;
		};
		F835C12A2D3CA51F0044609F /* Supabase */ = {
			isa = XCSwiftPackageProductDependency;
			package = F835C0DE2D3C324B0044609F /* XCRemoteSwiftPackageReference "supabase-swift" */;
			productName = Supabase;
		};
		F835C12C2D3CA5260044609F /* Auth */ = {
			isa = XCSwiftPackageProductDependency;
			package = F835C0DE2D3C324B0044609F /* XCRemoteSwiftPackageReference "supabase-swift" */;
			productName = Auth;
		};
/* End XCSwiftPackageProductDependency section */
	};
	rootObject = F85CAC892D3B6A70003E5FFB /* Project object */;
}
